// !$*UTF8*$!
{
	archiveVersion = 1;
	classes = {
	};
	objectVersion = 46;
	objects = {

/* Begin PBXAggregateTarget section */
		"SwiftyXMLParser::SwiftyXMLParserPackageTests::ProductTarget" /* SwiftyXMLParserPackageTests */ = {
			isa = PBXAggregateTarget;
			buildConfigurationList = OBJ_38 /* Build configuration list for PBXAggregateTarget "SwiftyXMLParserPackageTests" */;
			buildPhases = (
			);
			dependencies = (
				OBJ_41 /* PBXTargetDependency */,
			);
			name = SwiftyXMLParserPackageTests;
			productName = SwiftyXMLParserPackageTests;
		};
/* End PBXAggregateTarget section */

/* Begin PBXBuildFile section */
		8BAFFA702371EDD100A85458 /* Error.swift in Sources */ = {isa = PBXBuildFile; fileRef = 8BAFFA6C2371EDD100A85458 /* Error.swift */; };
		8BAFFA712371EDD100A85458 /* Accessor.swift in Sources */ = {isa = PBXBuildFile; fileRef = 8BAFFA6B2371EDD100A85458 /* Accessor.swift */; };
		8BAFFA722371EDD100A85458 /* XML.swift in Sources */ = {isa = PBXBuildFile; fileRef = 8BAFFA6F2371EDD100A85458 /* XML.swift */; };
		8BAFFA732371EDD100A85458 /* Parser.swift in Sources */ = {isa = PBXBuildFile; fileRef = 8BAFFA6E2371EDD100A85458 /* Parser.swift */; };
		8BAFFA742371EDD100A85458 /* Element.swift in Sources */ = {isa = PBXBuildFile; fileRef = 8BAFFA6A2371EDD000A85458 /* Element.swift */; };
		8BAFFA7F2371EDF000A85458 /* ParserTests.swift in Sources */ = {isa = PBXBuildFile; fileRef = 8BAFFA752371EDEF00A85458 /* ParserTests.swift */; };
		8BAFFA802371EDF000A85458 /* CustomOperatorTests.swift in Sources */ = {isa = PBXBuildFile; fileRef = 8BAFFA7B2371EDF000A85458 /* CustomOperatorTests.swift */; };
		8BAFFA812371EDF000A85458 /* SwiftyXMLParserTests.swift in Sources */ = {isa = PBXBuildFile; fileRef = 8BAFFA772371EDEF00A85458 /* SwiftyXMLParserTests.swift */; };
		8BAFFA822371EDF000A85458 /* AccessorTests.swift in Sources */ = {isa = PBXBuildFile; fileRef = 8BAFFA762371EDEF00A85458 /* AccessorTests.swift */; };
		8BAFFA832371EDF000A85458 /* ConverterTests.swift in Sources */ = {isa = PBXBuildFile; fileRef = 8BAFFA792371EDF000A85458 /* ConverterTests.swift */; };
		8BAFFA842371EDF000A85458 /* XMLTests.swift in Sources */ = {isa = PBXBuildFile; fileRef = 8BAFFA7C2371EDF000A85458 /* XMLTests.swift */; };
		8BAFFA862371EDF500A85458 /* SwiftyXMLParserTests.swift in Sources */ = {isa = PBXBuildFile; fileRef = 8BAFFA852371EDF500A85458 /* SwiftyXMLParserTests.swift */; };
		8BAFFA882371EDFC00A85458 /* SwiftyXMLParserTests.swift in Sources */ = {isa = PBXBuildFile; fileRef = 8BAFFA872371EDFC00A85458 /* SwiftyXMLParserTests.swift */; };
		OBJ_29 /* SwiftyXMLParser.swift in Sources */ = {isa = PBXBuildFile; fileRef = OBJ_9 /* SwiftyXMLParser.swift */; };
		OBJ_36 /* Package.swift in Sources */ = {isa = PBXBuildFile; fileRef = OBJ_6 /* Package.swift */; };
		OBJ_47 /* SwiftyXMLParserTests.swift in Sources */ = {isa = PBXBuildFile; fileRef = OBJ_12 /* SwiftyXMLParserTests.swift */; };
		OBJ_48 /* XCTestManifests.swift in Sources */ = {isa = PBXBuildFile; fileRef = OBJ_13 /* XCTestManifests.swift */; };
		OBJ_50 /* SwiftyXMLParser.framework in Frameworks */ = {isa = PBXBuildFile; fileRef = "SwiftyXMLParser::SwiftyXMLParser::Product" /* SwiftyXMLParser.framework */; };
/* End PBXBuildFile section */

/* Begin PBXContainerItemProxy section */
		8BAFFA662371EDA700A85458 /* PBXContainerItemProxy */ = {
			isa = PBXContainerItemProxy;
			containerPortal = OBJ_1 /* Project object */;
			proxyType = 1;
			remoteGlobalIDString = "SwiftyXMLParser::SwiftyXMLParser";
			remoteInfo = SwiftyXMLParser;
		};
		8BAFFA672371EDA800A85458 /* PBXContainerItemProxy */ = {
			isa = PBXContainerItemProxy;
			containerPortal = OBJ_1 /* Project object */;
			proxyType = 1;
			remoteGlobalIDString = "SwiftyXMLParser::SwiftyXMLParserTests";
			remoteInfo = SwiftyXMLParserTests;
		};
/* End PBXContainerItemProxy section */

/* Begin PBXFileReference section */
		8BAFFA682371EDD000A85458 /* Config.xcconfig */ = {isa = PBXFileReference; lastKnownFileType = text.xcconfig; path = Config.xcconfig; sourceTree = "<group>"; };
		8BAFFA692371EDD000A85458 /* SwiftyXMLParser.h */ = {isa = PBXFileReference; lastKnownFileType = sourcecode.c.h; path = SwiftyXMLParser.h; sourceTree = "<group>"; };
		8BAFFA6A2371EDD000A85458 /* Element.swift */ = {isa = PBXFileReference; lastKnownFileType = sourcecode.swift; path = Element.swift; sourceTree = "<group>"; };
		8BAFFA6B2371EDD100A85458 /* Accessor.swift */ = {isa = PBXFileReference; lastKnownFileType = sourcecode.swift; path = Accessor.swift; sourceTree = "<group>"; };
		8BAFFA6C2371EDD100A85458 /* Error.swift */ = {isa = PBXFileReference; lastKnownFileType = sourcecode.swift; path = Error.swift; sourceTree = "<group>"; };
		8BAFFA6D2371EDD100A85458 /* Info.plist */ = {isa = PBXFileReference; lastKnownFileType = text.plist.xml; path = Info.plist; sourceTree = "<group>"; };
		8BAFFA6E2371EDD100A85458 /* Parser.swift */ = {isa = PBXFileReference; lastKnownFileType = sourcecode.swift; path = Parser.swift; sourceTree = "<group>"; };
		8BAFFA6F2371EDD100A85458 /* XML.swift */ = {isa = PBXFileReference; lastKnownFileType = sourcecode.swift; path = XML.swift; sourceTree = "<group>"; };
		8BAFFA752371EDEF00A85458 /* ParserTests.swift */ = {isa = PBXFileReference; lastKnownFileType = sourcecode.swift; path = ParserTests.swift; sourceTree = "<group>"; };
		8BAFFA762371EDEF00A85458 /* AccessorTests.swift */ = {isa = PBXFileReference; lastKnownFileType = sourcecode.swift; path = AccessorTests.swift; sourceTree = "<group>"; };
		8BAFFA772371EDEF00A85458 /* SwiftyXMLParserTests.swift */ = {isa = PBXFileReference; lastKnownFileType = sourcecode.swift; name = SwiftyXMLParserTests.swift; path = SwiftyXMLParserTests/SwiftyXMLParserTests.swift; sourceTree = SOURCE_ROOT; };
		8BAFFA782371EDEF00A85458 /* SimpleDocument.xml */ = {isa = PBXFileReference; lastKnownFileType = text.xml; path = SimpleDocument.xml; sourceTree = "<group>"; };
		8BAFFA792371EDF000A85458 /* ConverterTests.swift */ = {isa = PBXFileReference; lastKnownFileType = sourcecode.swift; path = ConverterTests.swift; sourceTree = "<group>"; };
		8BAFFA7A2371EDF000A85458 /* Info.plist */ = {isa = PBXFileReference; lastKnownFileType = text.plist.xml; path = Info.plist; sourceTree = "<group>"; };
		8BAFFA7B2371EDF000A85458 /* CustomOperatorTests.swift */ = {isa = PBXFileReference; lastKnownFileType = sourcecode.swift; path = CustomOperatorTests.swift; sourceTree = "<group>"; };
		8BAFFA7C2371EDF000A85458 /* XMLTests.swift */ = {isa = PBXFileReference; lastKnownFileType = sourcecode.swift; path = XMLTests.swift; sourceTree = "<group>"; };
		8BAFFA7D2371EDF000A85458 /* XMLDocument.xml */ = {isa = PBXFileReference; lastKnownFileType = text.xml; path = XMLDocument.xml; sourceTree = "<group>"; };
		8BAFFA7E2371EDF000A85458 /* BrokenXMLDocument.xml */ = {isa = PBXFileReference; lastKnownFileType = text.xml; path = BrokenXMLDocument.xml; sourceTree = "<group>"; };
		8BAFFA852371EDF500A85458 /* SwiftyXMLParserTests.swift */ = {isa = PBXFileReference; lastKnownFileType = sourcecode.swift; name = SwiftyXMLParserTests.swift; path = SwiftyXMLParserTests/SwiftyXMLParserTests.swift; sourceTree = SOURCE_ROOT; };
		8BAFFA872371EDFC00A85458 /* SwiftyXMLParserTests.swift */ = {isa = PBXFileReference; lastKnownFileType = sourcecode.swift; name = SwiftyXMLParserTests.swift; path = SwiftyXMLParserTests/SwiftyXMLParserTests.swift; sourceTree = SOURCE_ROOT; };
		OBJ_12 /* SwiftyXMLParserTests.swift */ = {isa = PBXFileReference; lastKnownFileType = sourcecode.swift; path = SwiftyXMLParserTests.swift; sourceTree = "<group>"; };
		OBJ_13 /* XCTestManifests.swift */ = {isa = PBXFileReference; lastKnownFileType = sourcecode.swift; path = XCTestManifests.swift; sourceTree = "<group>"; };
		OBJ_23 /* README.md */ = {isa = PBXFileReference; lastKnownFileType = net.daringfireball.markdown; path = README.md; sourceTree = "<group>"; };
		OBJ_6 /* Package.swift */ = {isa = PBXFileReference; explicitFileType = sourcecode.swift; path = Package.swift; sourceTree = "<group>"; };
		OBJ_9 /* SwiftyXMLParser.swift */ = {isa = PBXFileReference; lastKnownFileType = sourcecode.swift; path = SwiftyXMLParser.swift; sourceTree = "<group>"; };
		"SwiftyXMLParser::SwiftyXMLParser::Product" /* SwiftyXMLParser.framework */ = {isa = PBXFileReference; lastKnownFileType = wrapper.framework; path = SwiftyXMLParser.framework; sourceTree = BUILT_PRODUCTS_DIR; };
		"SwiftyXMLParser::SwiftyXMLParserTests::Product" /* SwiftyXMLParserTests.xctest */ = {isa = PBXFileReference; lastKnownFileType = file; path = SwiftyXMLParserTests.xctest; sourceTree = BUILT_PRODUCTS_DIR; };
/* End PBXFileReference section */

/* Begin PBXFrameworksBuildPhase section */
		OBJ_30 /* Frameworks */ = {
			isa = PBXFrameworksBuildPhase;
			buildActionMask = 0;
			files = (
			);
			runOnlyForDeploymentPostprocessing = 0;
		};
		OBJ_49 /* Frameworks */ = {
			isa = PBXFrameworksBuildPhase;
			buildActionMask = 0;
			files = (
				OBJ_50 /* SwiftyXMLParser.framework in Frameworks */,
			);
			runOnlyForDeploymentPostprocessing = 0;
		};
/* End PBXFrameworksBuildPhase section */

/* Begin PBXGroup section */
		OBJ_10 /* Tests */ = {
			isa = PBXGroup;
			children = (
				OBJ_11 /* SwiftyXMLParserTests */,
			);
			name = Tests;
			sourceTree = SOURCE_ROOT;
		};
		OBJ_11 /* SwiftyXMLParserTests */ = {
			isa = PBXGroup;
			children = (
				8BAFFA782371EDEF00A85458 /* SimpleDocument.xml */,
				OBJ_12 /* SwiftyXMLParserTests.swift */,
				8BAFFA762371EDEF00A85458 /* AccessorTests.swift */,
				8BAFFA7E2371EDF000A85458 /* BrokenXMLDocument.xml */,
				8BAFFA852371EDF500A85458 /* SwiftyXMLParserTests.swift */,
				8BAFFA872371EDFC00A85458 /* SwiftyXMLParserTests.swift */,
				8BAFFA792371EDF000A85458 /* ConverterTests.swift */,
				8BAFFA7B2371EDF000A85458 /* CustomOperatorTests.swift */,
				8BAFFA7A2371EDF000A85458 /* Info.plist */,
				8BAFFA752371EDEF00A85458 /* ParserTests.swift */,
				8BAFFA772371EDEF00A85458 /* SwiftyXMLParserTests.swift */,
				8BAFFA7D2371EDF000A85458 /* XMLDocument.xml */,
				8BAFFA7C2371EDF000A85458 /* XMLTests.swift */,
				OBJ_13 /* XCTestManifests.swift */,
			);
			name = SwiftyXMLParserTests;
			path = Tests/SwiftyXMLParserTests;
			sourceTree = SOURCE_ROOT;
		};
		OBJ_14 /* Products */ = {
			isa = PBXGroup;
			children = (
				"SwiftyXMLParser::SwiftyXMLParser::Product" /* SwiftyXMLParser.framework */,
				"SwiftyXMLParser::SwiftyXMLParserTests::Product" /* SwiftyXMLParserTests.xctest */,
			);
			name = Products;
			sourceTree = BUILT_PRODUCTS_DIR;
		};
		OBJ_5 /*  */ = {
			isa = PBXGroup;
			children = (
				OBJ_6 /* Package.swift */,
				OBJ_7 /* Sources */,
				OBJ_10 /* Tests */,
				OBJ_14 /* Products */,
				OBJ_23 /* README.md */,
			);
			name = "";
			sourceTree = "<group>";
		};
		OBJ_7 /* Sources */ = {
			isa = PBXGroup;
			children = (
				OBJ_8 /* SwiftyXMLParser */,
			);
			name = Sources;
			sourceTree = SOURCE_ROOT;
		};
		OBJ_8 /* SwiftyXMLParser */ = {
			isa = PBXGroup;
			children = (
				8BAFFA6B2371EDD100A85458 /* Accessor.swift */,
				8BAFFA682371EDD000A85458 /* Config.xcconfig */,
				8BAFFA6A2371EDD000A85458 /* Element.swift */,
				8BAFFA6C2371EDD100A85458 /* Error.swift */,
				8BAFFA6D2371EDD100A85458 /* Info.plist */,
				8BAFFA6E2371EDD100A85458 /* Parser.swift */,
				8BAFFA692371EDD000A85458 /* SwiftyXMLParser.h */,
				8BAFFA6F2371EDD100A85458 /* XML.swift */,
				OBJ_9 /* SwiftyXMLParser.swift */,
			);
			name = SwiftyXMLParser;
			path = Sources/SwiftyXMLParser;
			sourceTree = SOURCE_ROOT;
		};
/* End PBXGroup section */

/* Begin PBXNativeTarget section */
		"SwiftyXMLParser::SwiftPMPackageDescription" /* SwiftyXMLParserPackageDescription */ = {
			isa = PBXNativeTarget;
			buildConfigurationList = OBJ_32 /* Build configuration list for PBXNativeTarget "SwiftyXMLParserPackageDescription" */;
			buildPhases = (
				OBJ_35 /* Sources */,
			);
			buildRules = (
			);
			dependencies = (
			);
			name = SwiftyXMLParserPackageDescription;
			productName = SwiftyXMLParserPackageDescription;
			productType = "com.apple.product-type.framework";
		};
		"SwiftyXMLParser::SwiftyXMLParser" /* SwiftyXMLParser */ = {
			isa = PBXNativeTarget;
			buildConfigurationList = OBJ_25 /* Build configuration list for PBXNativeTarget "SwiftyXMLParser" */;
			buildPhases = (
				OBJ_28 /* Sources */,
				OBJ_30 /* Frameworks */,
			);
			buildRules = (
			);
			dependencies = (
			);
			name = SwiftyXMLParser;
			productName = SwiftyXMLParser;
			productReference = "SwiftyXMLParser::SwiftyXMLParser::Product" /* SwiftyXMLParser.framework */;
			productType = "com.apple.product-type.framework";
		};
		"SwiftyXMLParser::SwiftyXMLParserTests" /* SwiftyXMLParserTests */ = {
			isa = PBXNativeTarget;
			buildConfigurationList = OBJ_43 /* Build configuration list for PBXNativeTarget "SwiftyXMLParserTests" */;
			buildPhases = (
				OBJ_46 /* Sources */,
				OBJ_49 /* Frameworks */,
			);
			buildRules = (
			);
			dependencies = (
				OBJ_51 /* PBXTargetDependency */,
			);
			name = SwiftyXMLParserTests;
			productName = SwiftyXMLParserTests;
			productReference = "SwiftyXMLParser::SwiftyXMLParserTests::Product" /* SwiftyXMLParserTests.xctest */;
			productType = "com.apple.product-type.bundle.unit-test";
		};
/* End PBXNativeTarget section */

/* Begin PBXProject section */
		OBJ_1 /* Project object */ = {
			isa = PBXProject;
			attributes = {
				LastSwiftMigration = 9999;
				LastUpgradeCheck = 9999;
			};
			buildConfigurationList = OBJ_2 /* Build configuration list for PBXProject "SwiftyXMLParser" */;
			compatibilityVersion = "Xcode 3.2";
			developmentRegion = en;
			hasScannedForEncodings = 0;
			knownRegions = (
				en,
			);
			mainGroup = OBJ_5 /*  */;
			productRefGroup = OBJ_14 /* Products */;
			projectDirPath = "";
			projectRoot = "";
			targets = (
				"SwiftyXMLParser::SwiftyXMLParser" /* SwiftyXMLParser */,
				"SwiftyXMLParser::SwiftPMPackageDescription" /* SwiftyXMLParserPackageDescription */,
				"SwiftyXMLParser::SwiftyXMLParserPackageTests::ProductTarget" /* SwiftyXMLParserPackageTests */,
				"SwiftyXMLParser::SwiftyXMLParserTests" /* SwiftyXMLParserTests */,
			);
		};
/* End PBXProject section */

/* Begin PBXSourcesBuildPhase section */
		OBJ_28 /* Sources */ = {
			isa = PBXSourcesBuildPhase;
			buildActionMask = 0;
			files = (
				8BAFFA702371EDD100A85458 /* Error.swift in Sources */,
				8BAFFA722371EDD100A85458 /* XML.swift in Sources */,
				8BAFFA742371EDD100A85458 /* Element.swift in Sources */,
				8BAFFA732371EDD100A85458 /* Parser.swift in Sources */,
				OBJ_29 /* SwiftyXMLParser.swift in Sources */,
				8BAFFA712371EDD100A85458 /* Accessor.swift in Sources */,
			);
			runOnlyForDeploymentPostprocessing = 0;
		};
		OBJ_35 /* Sources */ = {
			isa = PBXSourcesBuildPhase;
			buildActionMask = 0;
			files = (
				OBJ_36 /* Package.swift in Sources */,
			);
			runOnlyForDeploymentPostprocessing = 0;
		};
		OBJ_46 /* Sources */ = {
			isa = PBXSourcesBuildPhase;
			buildActionMask = 0;
			files = (
				OBJ_47 /* SwiftyXMLParserTests.swift in Sources */,
				8BAFFA862371EDF500A85458 /* SwiftyXMLParserTests.swift in Sources */,
				8BAFFA812371EDF000A85458 /* SwiftyXMLParserTests.swift in Sources */,
				8BAFFA822371EDF000A85458 /* AccessorTests.swift in Sources */,
				OBJ_48 /* XCTestManifests.swift in Sources */,
				8BAFFA832371EDF000A85458 /* ConverterTests.swift in Sources */,
				8BAFFA882371EDFC00A85458 /* SwiftyXMLParserTests.swift in Sources */,
				8BAFFA842371EDF000A85458 /* XMLTests.swift in Sources */,
				8BAFFA802371EDF000A85458 /* CustomOperatorTests.swift in Sources */,
				8BAFFA7F2371EDF000A85458 /* ParserTests.swift in Sources */,
			);
			runOnlyForDeploymentPostprocessing = 0;
		};
/* End PBXSourcesBuildPhase section */

/* Begin PBXTargetDependency section */
		OBJ_41 /* PBXTargetDependency */ = {
			isa = PBXTargetDependency;
			target = "SwiftyXMLParser::SwiftyXMLParserTests" /* SwiftyXMLParserTests */;
			targetProxy = 8BAFFA672371EDA800A85458 /* PBXContainerItemProxy */;
		};
		OBJ_51 /* PBXTargetDependency */ = {
			isa = PBXTargetDependency;
			target = "SwiftyXMLParser::SwiftyXMLParser" /* SwiftyXMLParser */;
			targetProxy = 8BAFFA662371EDA700A85458 /* PBXContainerItemProxy */;
		};
/* End PBXTargetDependency section */

/* Begin XCBuildConfiguration section */
		OBJ_26 /* Debug */ = {
			isa = XCBuildConfiguration;
			buildSettings = {
				ENABLE_TESTABILITY = YES;
				FRAMEWORK_SEARCH_PATHS = (
					"$(inherited)",
					"$(PLATFORM_DIR)/Developer/Library/Frameworks",
				);
				HEADER_SEARCH_PATHS = "$(inherited)";
				INFOPLIST_FILE = SwiftyXMLParser.xcodeproj/SwiftyXMLParser_Info.plist;
				IPHONEOS_DEPLOYMENT_TARGET = 8.0;
				LD_RUNPATH_SEARCH_PATHS = "$(inherited) $(TOOLCHAIN_DIR)/usr/lib/swift/macosx";
				MACOSX_DEPLOYMENT_TARGET = 10.10;
				OTHER_CFLAGS = "$(inherited)";
				OTHER_LDFLAGS = "$(inherited)";
				OTHER_SWIFT_FLAGS = "$(inherited)";
				PRODUCT_BUNDLE_IDENTIFIER = SwiftyXMLParser;
				PRODUCT_MODULE_NAME = "$(TARGET_NAME:c99extidentifier)";
				PRODUCT_NAME = "$(TARGET_NAME:c99extidentifier)";
				SKIP_INSTALL = YES;
				SWIFT_ACTIVE_COMPILATION_CONDITIONS = "$(inherited)";
				SWIFT_VERSION = 5.0;
				TARGET_NAME = SwiftyXMLParser;
				TVOS_DEPLOYMENT_TARGET = 9.0;
				WATCHOS_DEPLOYMENT_TARGET = 2.0;
			};
			name = Debug;
		};
		OBJ_27 /* Release */ = {
			isa = XCBuildConfiguration;
			buildSettings = {
				ENABLE_TESTABILITY = YES;
				FRAMEWORK_SEARCH_PATHS = (
					"$(inherited)",
					"$(PLATFORM_DIR)/Developer/Library/Frameworks",
				);
				HEADER_SEARCH_PATHS = "$(inherited)";
				INFOPLIST_FILE = SwiftyXMLParser.xcodeproj/SwiftyXMLParser_Info.plist;
				IPHONEOS_DEPLOYMENT_TARGET = 8.0;
				LD_RUNPATH_SEARCH_PATHS = "$(inherited) $(TOOLCHAIN_DIR)/usr/lib/swift/macosx";
				MACOSX_DEPLOYMENT_TARGET = 10.10;
				OTHER_CFLAGS = "$(inherited)";
				OTHER_LDFLAGS = "$(inherited)";
				OTHER_SWIFT_FLAGS = "$(inherited)";
				PRODUCT_BUNDLE_IDENTIFIER = SwiftyXMLParser;
				PRODUCT_MODULE_NAME = "$(TARGET_NAME:c99extidentifier)";
				PRODUCT_NAME = "$(TARGET_NAME:c99extidentifier)";
				SKIP_INSTALL = YES;
				SWIFT_ACTIVE_COMPILATION_CONDITIONS = "$(inherited)";
				SWIFT_VERSION = 5.0;
				TARGET_NAME = SwiftyXMLParser;
				TVOS_DEPLOYMENT_TARGET = 9.0;
				WATCHOS_DEPLOYMENT_TARGET = 2.0;
			};
			name = Release;
		};
		OBJ_3 /* Debug */ = {
			isa = XCBuildConfiguration;
			buildSettings = {
				CLANG_ENABLE_OBJC_ARC = YES;
				COMBINE_HIDPI_IMAGES = YES;
				COPY_PHASE_STRIP = NO;
				DEBUG_INFORMATION_FORMAT = dwarf;
				DYLIB_INSTALL_NAME_BASE = "@rpath";
				ENABLE_NS_ASSERTIONS = YES;
				GCC_OPTIMIZATION_LEVEL = 0;
				GCC_PREPROCESSOR_DEFINITIONS = (
					"$(inherited)",
					"SWIFT_PACKAGE=1",
					"DEBUG=1",
				);
				MACOSX_DEPLOYMENT_TARGET = 10.10;
				ONLY_ACTIVE_ARCH = YES;
				OTHER_SWIFT_FLAGS = "$(inherited) -DXcode";
				PRODUCT_NAME = "$(TARGET_NAME)";
				SDKROOT = macosx;
				SUPPORTED_PLATFORMS = "macosx iphoneos iphonesimulator appletvos appletvsimulator watchos watchsimulator";
				SWIFT_ACTIVE_COMPILATION_CONDITIONS = "$(inherited) SWIFT_PACKAGE DEBUG";
				SWIFT_OPTIMIZATION_LEVEL = "-Onone";
				USE_HEADERMAP = NO;
			};
			name = Debug;
		};
		OBJ_33 /* Debug */ = {
			isa = XCBuildConfiguration;
			buildSettings = {
				LD = /usr/bin/true;
				OTHER_SWIFT_FLAGS = "-swift-version 5 -I $(TOOLCHAIN_DIR)/usr/lib/swift/pm/4_2 -target x86_64-apple-macosx10.10 -sdk /Applications/Xcode.app/Contents/Developer/Platforms/MacOSX.platform/Developer/SDKs/MacOSX10.15.sdk -package-description-version 5.1";
				SWIFT_VERSION = 5.0;
			};
			name = Debug;
		};
		OBJ_34 /* Release */ = {
			isa = XCBuildConfiguration;
			buildSettings = {
				LD = /usr/bin/true;
				OTHER_SWIFT_FLAGS = "-swift-version 5 -I $(TOOLCHAIN_DIR)/usr/lib/swift/pm/4_2 -target x86_64-apple-macosx10.10 -sdk /Applications/Xcode.app/Contents/Developer/Platforms/MacOSX.platform/Developer/SDKs/MacOSX10.15.sdk -package-description-version 5.1";
				SWIFT_VERSION = 5.0;
			};
			name = Release;
		};
		OBJ_39 /* Debug */ = {
			isa = XCBuildConfiguration;
			buildSettings = {
			};
			name = Debug;
		};
		OBJ_4 /* Release */ = {
			isa = XCBuildConfiguration;
			buildSettings = {
				CLANG_ENABLE_OBJC_ARC = YES;
				COMBINE_HIDPI_IMAGES = YES;
				COPY_PHASE_STRIP = YES;
				DEBUG_INFORMATION_FORMAT = "dwarf-with-dsym";
				DYLIB_INSTALL_NAME_BASE = "@rpath";
				GCC_OPTIMIZATION_LEVEL = s;
				GCC_PREPROCESSOR_DEFINITIONS = (
					"$(inherited)",
					"SWIFT_PACKAGE=1",
				);
				MACOSX_DEPLOYMENT_TARGET = 10.10;
				OTHER_SWIFT_FLAGS = "$(inherited) -DXcode";
				PRODUCT_NAME = "$(TARGET_NAME)";
				SDKROOT = macosx;
				SUPPORTED_PLATFORMS = "macosx iphoneos iphonesimulator appletvos appletvsimulator watchos watchsimulator";
				SWIFT_ACTIVE_COMPILATION_CONDITIONS = "$(inherited) SWIFT_PACKAGE";
				SWIFT_OPTIMIZATION_LEVEL = "-Owholemodule";
				USE_HEADERMAP = NO;
			};
			name = Release;
		};
		OBJ_40 /* Release */ = {
			isa = XCBuildConfiguration;
			buildSettings = {
			};
			name = Release;
		};
		OBJ_44 /* Debug */ = {
			isa = XCBuildConfiguration;
			buildSettings = {
				CLANG_ENABLE_MODULES = YES;
				EMBEDDED_CONTENT_CONTAINS_SWIFT = YES;
				FRAMEWORK_SEARCH_PATHS = (
					"$(inherited)",
					"$(PLATFORM_DIR)/Developer/Library/Frameworks",
				);
				HEADER_SEARCH_PATHS = "$(inherited)";
				INFOPLIST_FILE = SwiftyXMLParser.xcodeproj/SwiftyXMLParserTests_Info.plist;
				IPHONEOS_DEPLOYMENT_TARGET = 8.0;
				LD_RUNPATH_SEARCH_PATHS = "$(inherited) @loader_path/../Frameworks @loader_path/Frameworks";
				MACOSX_DEPLOYMENT_TARGET = 10.10;
				OTHER_CFLAGS = "$(inherited)";
				OTHER_LDFLAGS = "$(inherited)";
				OTHER_SWIFT_FLAGS = "$(inherited)";
				SWIFT_ACTIVE_COMPILATION_CONDITIONS = "$(inherited)";
				SWIFT_VERSION = 5.0;
				TARGET_NAME = SwiftyXMLParserTests;
				TVOS_DEPLOYMENT_TARGET = 9.0;
				WATCHOS_DEPLOYMENT_TARGET = 2.0;
			};
			name = Debug;
		};
		OBJ_45 /* Release */ = {
			isa = XCBuildConfiguration;
			buildSettings = {
				CLANG_ENABLE_MODULES = YES;
				EMBEDDED_CONTENT_CONTAINS_SWIFT = YES;
				FRAMEWORK_SEARCH_PATHS = (
					"$(inherited)",
					"$(PLATFORM_DIR)/Developer/Library/Frameworks",
				);
				HEADER_SEARCH_PATHS = "$(inherited)";
				INFOPLIST_FILE = SwiftyXMLParser.xcodeproj/SwiftyXMLParserTests_Info.plist;
				IPHONEOS_DEPLOYMENT_TARGET = 8.0;
				LD_RUNPATH_SEARCH_PATHS = "$(inherited) @loader_path/../Frameworks @loader_path/Frameworks";
				MACOSX_DEPLOYMENT_TARGET = 10.10;
				OTHER_CFLAGS = "$(inherited)";
				OTHER_LDFLAGS = "$(inherited)";
				OTHER_SWIFT_FLAGS = "$(inherited)";
				SWIFT_ACTIVE_COMPILATION_CONDITIONS = "$(inherited)";
				SWIFT_VERSION = 5.0;
				TARGET_NAME = SwiftyXMLParserTests;
				TVOS_DEPLOYMENT_TARGET = 9.0;
				WATCHOS_DEPLOYMENT_TARGET = 2.0;
			};
			name = Release;
		};
/* End XCBuildConfiguration section */

/* Begin XCConfigurationList section */
		OBJ_2 /* Build configuration list for PBXProject "SwiftyXMLParser" */ = {
			isa = XCConfigurationList;
			buildConfigurations = (
				OBJ_3 /* Debug */,
				OBJ_4 /* Release */,
			);
			defaultConfigurationIsVisible = 0;
			defaultConfigurationName = Release;
		};
		OBJ_25 /* Build configuration list for PBXNativeTarget "SwiftyXMLParser" */ = {
			isa = XCConfigurationList;
			buildConfigurations = (
				OBJ_26 /* Debug */,
				OBJ_27 /* Release */,
			);
			defaultConfigurationIsVisible = 0;
			defaultConfigurationName = Release;
		};
		OBJ_32 /* Build configuration list for PBXNativeTarget "SwiftyXMLParserPackageDescription" */ = {
			isa = XCConfigurationList;
			buildConfigurations = (
				OBJ_33 /* Debug */,
				OBJ_34 /* Release */,
			);
			defaultConfigurationIsVisible = 0;
			defaultConfigurationName = Release;
		};
		OBJ_38 /* Build configuration list for PBXAggregateTarget "SwiftyXMLParserPackageTests" */ = {
			isa = XCConfigurationList;
			buildConfigurations = (
				OBJ_39 /* Debug */,
				OBJ_40 /* Release */,
			);
			defaultConfigurationIsVisible = 0;
			defaultConfigurationName = Release;
		};
		OBJ_43 /* Build configuration list for PBXNativeTarget "SwiftyXMLParserTests" */ = {
			isa = XCConfigurationList;
			buildConfigurations = (
				OBJ_44 /* Debug */,
				OBJ_45 /* Release */,
			);
			defaultConfigurationIsVisible = 0;
			defaultConfigurationName = Release;
		};
/* End XCConfigurationList section */
	};
	rootObject = OBJ_1 /* Project object */;
}
